
Microsoft Visual Studio Solution File, Format Version 12.00
# Visual Studio Version 17
VisualStudioVersion = 17.5.002.0
MinimumVisualStudioVersion = 10.0.40219.1
Project("{9A19103F-16F7-4668-BE54-9A1E7A4F7556}") = "MyFirstMicroservice", "MyFirstMicroservice\MyFirstMicroservice.csproj", "{099341C4-8F78-4926-8E85-1F2429D6460C}"
EndProject
Project("{FAE04EC0-301F-11D3-BF4B-00C04F79EFBC}") = "App", "App\App.csproj", "{2A66A037-4BC7-4796-8A03-97CAE911B79C}"
EndProject
Global
	GlobalSection(SolutionConfigurationPlatforms) = preSolution
		Debug|Any CPU = Debug|Any CPU
		Release|Any CPU = Release|Any CPU
	EndGlobalSection
	GlobalSection(ProjectConfigurationPlatforms) = postSolution
		{099341C4-8F78-4926-8E85-1F2429D6460C}.Debug|Any CPU.ActiveCfg = Debug|Any CPU
		{099341C4-8F78-4926-8E85-1F2429D6460C}.Debug|Any CPU.Build.0 = Debug|Any CPU
		{099341C4-8F78-4926-8E85-1F2429D6460C}.Release|Any CPU.ActiveCfg = Release|Any CPU
		{099341C4-8F78-4926-8E85-1F2429D6460C}.Release|Any CPU.Build.0 = Release|Any CPU
		{2A66A037-4BC7-4796-8A03-97CAE911B79C}.Debug|Any CPU.ActiveCfg = Debug|Any CPU
		{2A66A037-4BC7-4796-8A03-97CAE911B79C}.Debug|Any CPU.Build.0 = Debug|Any CPU
		{2A66A037-4BC7-4796-8A03-97CAE911B79C}.Release|Any CPU.ActiveCfg = Release|Any CPU
		{2A66A037-4BC7-4796-8A03-97CAE911B79C}.Release|Any CPU.Build.0 = Release|Any CPU
	EndGlobalSection
	GlobalSection(SolutionProperties) = preSolution
		HideSolutionNode = FALSE
	EndGlobalSection
	GlobalSection(ExtensibilityGlobals) = postSolution
		SolutionGuid = {28FFE495-7A8E-47A1-BE86-E7EB9CC7DD49}
	EndGlobalSection
EndGlobal
